
Microsoft Visual Studio Solution File, Format Version 12.00
# Visual Studio Version 16
VisualStudioVersion = 16.0.34407.143
MinimumVisualStudioVersion = 10.0.40219.1
Project("{2150E333-8FDC-42A3-9474-1A3956D46DE8}") = "Global", "Global", "{B4B3FE07-6B4F-4456-B831-DDAC90D90FDB}"
EndProject
Project("{2150E333-8FDC-42A3-9474-1A3956D46DE8}") = "GUI", "GUI", "{DDCE4D14-9E92-4F5D-A9D6-DF0CDD3F32F8}"
EndProject
Project("{2150E333-8FDC-42A3-9474-1A3956D46DE8}") = "Hardware", "Hardware", "{B984B073-3BBA-4FED-AC6F-56DC95FC5E7B}"
EndProject
Project("{2150E333-8FDC-42A3-9474-1A3956D46DE8}") = "Stage", "Stage", "{E5FE9014-698D-4346-AD1C-50C12A48A53C}"
EndProject
Project("{2150E333-8FDC-42A3-9474-1A3956D46DE8}") = "Camera", "Camera", "{6BD607E3-1196-43E5-AA71-A6E009A8040B}"
EndProject
Project("{FAE04EC0-301F-11D3-BF4B-00C04F79EFBC}") = "StageManagerClsLib", "Hardware\Stage\StageManagerClsLib\StageManagerClsLib.csproj", "{8F2593F4-DDD8-4790-8182-2EDE2A7E21BD}"
EndProject
Project("{FAE04EC0-301F-11D3-BF4B-00C04F79EFBC}") = "StageControllerClsLib", "Hardware\Stage\IStageControllerClsLib\StageControllerClsLib.csproj", "{1653A6D9-6AE3-4D6C-9A40-2B1B6730EDB8}"
EndProject
Project("{FAE04EC0-301F-11D3-BF4B-00C04F79EFBC}") = "GlobalDataDefineClsLib", "Global\GlobalDataDefineClsLib\GlobalDataDefineClsLib.csproj", "{B0F0BD56-7EFF-414B-9D41-F4E7ACA2A8B2}"
EndProject
Project("{2150E333-8FDC-42A3-9474-1A3956D46DE8}") = "Control", "Control", "{1A023143-B24C-4FD7-BC55-FA60BD866CD9}"
EndProject
Project("{2150E333-8FDC-42A3-9474-1A3956D46DE8}") = "LightSource", "LightSource", "{AEA23796-C656-4D0D-A977-E54A3140B293}"
EndProject
Project("{2150E333-8FDC-42A3-9474-1A3956D46DE8}") = "PP", "PP", "{0A4CF86E-D728-492C-9347-DE8543AEBCE8}"
EndProject
Project("{2150E333-8FDC-42A3-9474-1A3956D46DE8}") = "EjectionSystem", "EjectionSystem", "{06F51F27-1AF1-4100-9D54-3667A68CBFC0}"
EndProject
Project("{2150E333-8FDC-42A3-9474-1A3956D46DE8}") = "BoardCard", "BoardCard", "{8937BC2E-9CDE-4960-91AD-94BD890DAFED}"
EndProject
Project("{2150E333-8FDC-42A3-9474-1A3956D46DE8}") = "Algorithm", "Algorithm", "{92E0826D-455E-4795-8501-F9721A2C11BE}"
EndProject
Project("{2150E333-8FDC-42A3-9474-1A3956D46DE8}") = "Database", "Database", "{6A317491-2505-4B83-BE51-0F28A2CF28C9}"
EndProject
Project("{2150E333-8FDC-42A3-9474-1A3956D46DE8}") = "Process", "Process", "{478C214A-AF43-4AD8-AF33-69452565C64E}"
EndProject
Project("{2150E333-8FDC-42A3-9474-1A3956D46DE8}") = "Position", "Position", "{C25F5205-2029-401F-B6AE-F7688612727B}"
EndProject
Project("{2150E333-8FDC-42A3-9474-1A3956D46DE8}") = "UserManagement", "UserManagement", "{B426578C-CE52-4BD2-8501-ADC25E2982B4}"
EndProject
Project("{2150E333-8FDC-42A3-9474-1A3956D46DE8}") = "Vision", "Vision", "{FE936277-A25C-4289-A54E-C1AB0046B499}"
EndProject
Project("{FAE04EC0-301F-11D3-BF4B-00C04F79EFBC}") = "ConfigurationClsLib", "Global\ConfigurationClsLib\ConfigurationClsLib.csproj", "{6CBE338A-1ABB-4397-BBA8-BC8477B1A21D}"
EndProject
Project("{2150E333-8FDC-42A3-9474-1A3956D46DE8}") = "Calibration", "Calibration", "{80D8F331-6712-42E4-AB81-23A9D913BB42}"
EndProject
Project("{2150E333-8FDC-42A3-9474-1A3956D46DE8}") = "History", "History", "{02E7DC0C-4B09-4BE4-A901-51AD00D6604D}"
EndProject
Project("{2150E333-8FDC-42A3-9474-1A3956D46DE8}") = "Material", "Material", "{32B79ED5-6154-484D-A4A5-0D982A1A03D2}"
EndProject
Project("{FAE04EC0-301F-11D3-BF4B-00C04F79EFBC}") = "JobClsLib", "Control\Process\JobClsLib\JobClsLib.csproj", "{51AFF9BF-777E-4F50-8406-C4C334F3710F}"
EndProject
Project("{FAE04EC0-301F-11D3-BF4B-00C04F79EFBC}") = "RecipeClsLib", "Control\Process\RecipeClsLib\RecipeClsLib.csproj", "{633B7024-D607-496E-9800-84284C801D06}"
EndProject
Project("{FAE04EC0-301F-11D3-BF4B-00C04F79EFBC}") = "GlobalToolClsLib", "Global\GlobalToolClsLib\GlobalToolClsLib.csproj", "{A22451FA-03C2-45C7-B2EA-39E9C9792925}"
EndProject
Project("{FAE04EC0-301F-11D3-BF4B-00C04F79EFBC}") = "StageCtrlPanelLib", "GUI\StageCtrlPanelLib\StageCtrlPanelLib.csproj", "{F0D61C4F-2BBC-4AF2-BC39-A79AD118758D}"
EndProject
Project("{FAE04EC0-301F-11D3-BF4B-00C04F79EFBC}") = "CommonPanelClsLib", "GUI\CommonPanelClsLib\CommonPanelClsLib.csproj", "{377C6C14-F0D1-4B37-AC89-1D3716369B00}"
EndProject
Project("{FAE04EC0-301F-11D3-BF4B-00C04F79EFBC}") = "PositioningSystemClsLib", "Control\Position\PositioningSystemClsLib\PositioningSystemClsLib.csproj", "{B80D9F07-DA4D-437F-90F1-67722B0883FA}"
EndProject
Project("{FAE04EC0-301F-11D3-BF4B-00C04F79EFBC}") = "CameraControllerClsLib", "Hardware\Camera\CameraControllerClsLib\CameraControllerClsLib.csproj", "{EE038ED1-7A96-4075-A51C-EA53A4D026DF}"
EndProject
Project("{FAE04EC0-301F-11D3-BF4B-00C04F79EFBC}") = "LightControllerClsLib", "Hardware\LightSource\LightControllerClsLib\LightControllerClsLib.csproj", "{232C07DB-1D49-46DC-8824-9ACCF2DC4A44}"
EndProject
Project("{2150E333-8FDC-42A3-9474-1A3956D46DE8}") = "Vision", "Vision", "{AE090EAF-D95F-4655-913B-B5F65F637E33}"
EndProject
Project("{FAE04EC0-301F-11D3-BF4B-00C04F79EFBC}") = "VisionClsLib", "Algorithm\Vision\VisionClsLib\VisionClsLib.csproj", "{13D295AA-B633-4622-8B1A-D5FC2D1523B3}"
EndProject
Project("{FAE04EC0-301F-11D3-BF4B-00C04F79EFBC}") = "VisionGUI", "GUI\VisionGUI\VisionGUI.csproj", "{5A415076-754D-4525-B9B6-808AF1B3E6FB}"
EndProject
Project("{FAE04EC0-301F-11D3-BF4B-00C04F79EFBC}") = "VisionControlAppClsLib", "Control\Vision\VisionControlAppClsLib\VisionControlAppClsLib.csproj", "{711B610C-1195-4191-B240-E28A39F27A42}"
EndProject
Project("{FAE04EC0-301F-11D3-BF4B-00C04F79EFBC}") = "MaterialClsLib", "Control\Material\MaterialClsLib\MaterialClsLib.csproj", "{543C2372-B194-477B-9B93-B4795ADFD92C}"
EndProject
Project("{FAE04EC0-301F-11D3-BF4B-00C04F79EFBC}") = "ControlPanelClsLib", "GUI\ControlPanelClsLib\ControlPanelClsLib.csproj", "{233912CB-6628-496B-A996-82A242556D8D}"
EndProject
Project("{FAE04EC0-301F-11D3-BF4B-00C04F79EFBC}") = "LightControllerManagerClsLib", "Hardware\LightSource\LightControllerManagerClsLib\LightControllerManagerClsLib.csproj", "{7C3A5CFD-D90A-4317-A596-12261EAF2D10}"
EndProject
Project("{FAE04EC0-301F-11D3-BF4B-00C04F79EFBC}") = "LightSourceCtrlPanelLib", "GUI\LightSourceCtrlPanelLib\LightSourceCtrlPanelLib.csproj", "{330DAC21-8B94-478F-9379-5F419EFDCF6D}"
EndProject
Project("{FAE04EC0-301F-11D3-BF4B-00C04F79EFBC}") = "CameraControllerWrapperClsLib", "Hardware\Camera\CameraControllerWrapperClsLib\CameraControllerWrapperClsLib.csproj", "{5B31A97B-763D-421B-8BAA-84A5EBD020A0}"
EndProject
Project("{FAE04EC0-301F-11D3-BF4B-00C04F79EFBC}") = "HardwareManagerClsLib", "Hardware\HardwareManagerClsLib\HardwareManagerClsLib.csproj", "{1A0094C5-5E09-4867-8757-62F308DE62AC}"
EndProject
Project("{FAE04EC0-301F-11D3-BF4B-00C04F79EFBC}") = "BoardCardControllerClsLib", "Hardware\BoardCard\BoardCardControllerClsLib\BoardCardControllerClsLib.csproj", "{BEC297A8-3688-414C-92DE-60B7E3355E4A}"
EndProject
Project("{FAE04EC0-301F-11D3-BF4B-00C04F79EFBC}") = "MathHelperClsLib", "Algorithm\MathHelperClsLib\MathHelperClsLib.csproj", "{561E693A-7CAB-4FB2-AEC1-F4AEA753D37F}"
EndProject
Project("{2150E333-8FDC-42A3-9474-1A3956D46DE8}") = "PowerController", "PowerController", "{AAEE6219-E375-4C07-A1E0-E1E65E200092}"
EndProject
Project("{FAE04EC0-301F-11D3-BF4B-00C04F79EFBC}") = "PowerControllerManagerClsLib", "Hardware\PowerController\PowerControllerManagerClsLib\PowerControllerManagerClsLib.csproj", "{2FB3C37E-6148-4456-A88D-63469D4FFC9A}"
EndProject
Project("{FAE04EC0-301F-11D3-BF4B-00C04F79EFBC}") = "SystemCalibrationClsLib", "Control\Calibration\SystemCalibrationClsLib\SystemCalibrationClsLib.csproj", "{8A97DB83-A47B-4BD8-A22D-7D9CD3A2273B}"
EndProject
Project("{FAE04EC0-301F-11D3-BF4B-00C04F79EFBC}") = "SecondaryCalibrationClsLib", "Control\Calibration\SecondaryCalibrationClsLib\SecondaryCalibrationClsLib.csproj", "{3DC7283F-1D86-4E46-AE5E-6CE18DBECBBF}"
EndProject
Project("{2150E333-8FDC-42A3-9474-1A3956D46DE8}") = "LaserSensor", "LaserSensor", "{B272DEFF-252F-4547-936E-20E25810F112}"
EndProject
Project("{2150E333-8FDC-42A3-9474-1A3956D46DE8}") = "Dynamometer", "Dynamometer", "{48E79919-82FE-4139-B43B-757FBB971BD9}"
EndProject
Project("{FAE04EC0-301F-11D3-BF4B-00C04F79EFBC}") = "DynamometerControllerClsLib", "Hardware\Dynamometer\DynamometerControllerClsLib\DynamometerControllerClsLib.csproj", "{FD65B6B1-69A7-4A94-8B7A-33D3EDD70162}"
EndProject
Project("{FAE04EC0-301F-11D3-BF4B-00C04F79EFBC}") = "DynamometerManagerClsLib", "Hardware\Dynamometer\DynamometerManagerClsLib\DynamometerManagerClsLib.csproj", "{7201F770-650A-45E8-93DF-C7FBEE592CE6}"
EndProject
Project("{FAE04EC0-301F-11D3-BF4B-00C04F79EFBC}") = "LaserSensorControllerClsLib", "Hardware\LaserSensor\LaserSensorControllerClsLib\LaserSensorControllerClsLib.csproj", "{CA11F95C-D9F8-4BA1-8971-2C0251D689ED}"
EndProject
Project("{FAE04EC0-301F-11D3-BF4B-00C04F79EFBC}") = "LaserSensorManagerClsLib", "Hardware\LaserSensor\LaserSensorManagerClsLib\LaserSensorManagerClsLib.csproj", "{1D36CD4F-2598-43E3-B268-BF7A0842416F}"
EndProject
Project("{FAE04EC0-301F-11D3-BF4B-00C04F79EFBC}") = "MainGUI", "GUI\MainGUI\MainGUI.csproj", "{F950F81A-B501-4126-8F2A-91F2C86538AD}"
EndProject
Project("{FAE04EC0-301F-11D3-BF4B-00C04F79EFBC}") = "DynamometerGUI", "GUI\DynamometerGUI\DynamometerGUI.csproj", "{34F0697A-1DA6-4B2C-A659-D769F385CCC7}"
EndProject
Project("{2150E333-8FDC-42A3-9474-1A3956D46DE8}") = "IO", "IO", "{D01F80F7-061A-45ED-B9DE-FCF3047FC8B9}"
EndProject
Project("{FAE04EC0-301F-11D3-BF4B-00C04F79EFBC}") = "IOUtilityClsLib", "Hardware\IO\IOUtilityClsLib\IOUtilityClsLib.csproj", "{DA64843C-DF4E-45FD-940B-23AFF39FC8E3}"
EndProject
Project("{2150E333-8FDC-42A3-9474-1A3956D46DE8}") = "JoyStick", "JoyStick", "{FAC3ABD6-F359-4F19-A624-1BAAE3AD2DC4}"
EndProject
Project("{FAE04EC0-301F-11D3-BF4B-00C04F79EFBC}") = "IJoyStickControllerClsLib", "Hardware\JoyStick\IJoyStickControllerClsLib\IJoyStickControllerClsLib.csproj", "{9A902937-1C28-42CD-8B55-0701A2CB1393}"
EndProject
Project("{FAE04EC0-301F-11D3-BF4B-00C04F79EFBC}") = "JoyStickControllerClsLib", "Hardware\JoyStick\JoyStickControllerClsLib\JoyStickControllerClsLib.csproj", "{90B14AED-AA21-4A76-8571-0A27EAA64855}"
EndProject
Project("{FAE04EC0-301F-11D3-BF4B-00C04F79EFBC}") = "JoyStickManagerClsLib", "Hardware\JoyStick\JoyStickManagerClsLib\JoyStickManagerClsLib.csproj", "{BD35BB0F-B77A-4AB9-97E4-ED9C47DEE470}"
EndProject
Project("{FAE04EC0-301F-11D3-BF4B-00C04F79EFBC}") = "PowerControlGUI", "GUI\PowerControlGUI\PowerControlGUI.csproj", "{CDBD148B-BC3D-47D0-84B9-6EF3D8718718}"
EndProject
Project("{2150E333-8FDC-42A3-9474-1A3956D46DE8}") = "Power", "Power", "{62CC6226-BC78-4047-81CB-E5CA08A37B1C}"
EndProject
Project("{FAE04EC0-301F-11D3-BF4B-00C04F79EFBC}") = "PowerClsLib", "Control\Power\PowerClsLib\PowerClsLib.csproj", "{16700D44-FA4D-4277-944C-E1A8962DE346}"
EndProject
Project("{2150E333-8FDC-42A3-9474-1A3956D46DE8}") = "Product", "Product", "{70A00B62-FC70-4C00-9627-581CC9BB20B4}"
EndProject
Project("{FAE04EC0-301F-11D3-BF4B-00C04F79EFBC}") = "ProductRunClsLib", "Product\ProductRunClsLib\ProductRunClsLib.csproj", "{1AEB9A48-A62E-4957-9EE2-163617631EDA}"
EndProject
Project("{FAE04EC0-301F-11D3-BF4B-00C04F79EFBC}") = "UserManagerClsLib", "Control\UserManagement\UserManagerClsLib\UserManagerClsLib.csproj", "{C8603800-C34D-4A21-9047-DBB78750CBBA}"
EndProject
Project("{2150E333-8FDC-42A3-9474-1A3956D46DE8}") = "Alarm", "Alarm", "{39609780-9129-4781-8882-6EB4857C51CB}"
EndProject
Project("{FAE04EC0-301F-11D3-BF4B-00C04F79EFBC}") = "AlarmManagementClsLib", "Control\Alarm\AlarmManagementClsLib\AlarmManagementClsLib.csproj", "{AA737E69-5851-403C-8BA1-A8A68B54E9BD}"
EndProject
Project("{FAE04EC0-301F-11D3-BF4B-00C04F79EFBC}") = "RecipeEditPanelClsLib", "GUI\RecipeEditPanelClsLib\RecipeEditPanelClsLib.csproj", "{B26EA869-8597-4093-A2A1-073A7C41984E}"
EndProject
Project("{2150E333-8FDC-42A3-9474-1A3956D46DE8}") = "Dispenser", "Dispenser", "{EFDD2BBD-45BA-45BC-AFE1-C975FDCED04E}"
EndProject
Project("{FAE04EC0-301F-11D3-BF4B-00C04F79EFBC}") = "DispenserControlClsLib", "Hardware\Dispenser\DispenserControlClsLib\DispenserControlClsLib.csproj", "{605A3846-EEB0-4CD8-B2CF-AFF9A19E41FB}"
EndProject
Project("{2150E333-8FDC-42A3-9474-1A3956D46DE8}") = "DispensingMachine", "DispensingMachine", "{006B824D-1155-4FAE-BE4D-A79CA7EDEA38}"
EndProject
Project("{FAE04EC0-301F-11D3-BF4B-00C04F79EFBC}") = "DispensingMachineControllerClsLib", "Hardware\DispensingMachine\DispensingMachineControllerClsLib\DispensingMachineControllerClsLib.csproj", "{CC883785-57AF-47E9-A607-1E9AF227727B}"
EndProject
Project("{FAE04EC0-301F-11D3-BF4B-00C04F79EFBC}") = "GWDieBonder", "GWDieBonder\GWDieBonder.csproj", "{9C6DC1FA-9AB7-4886-8F7B-3ABD1A847DD9}"
EndProject
Global
	GlobalSection(SolutionConfigurationPlatforms) = preSolution
		Debug|Any CPU = Debug|Any CPU
		Release|Any CPU = Release|Any CPU
	EndGlobalSection
	GlobalSection(ProjectConfigurationPlatforms) = postSolution
		{8F2593F4-DDD8-4790-8182-2EDE2A7E21BD}.Debug|Any CPU.ActiveCfg = Debug|Any CPU
		{8F2593F4-DDD8-4790-8182-2EDE2A7E21BD}.Debug|Any CPU.Build.0 = Debug|Any CPU
		{8F2593F4-DDD8-4790-8182-2EDE2A7E21BD}.Release|Any CPU.ActiveCfg = Release|Any CPU
		{8F2593F4-DDD8-4790-8182-2EDE2A7E21BD}.Release|Any CPU.Build.0 = Release|Any CPU
		{1653A6D9-6AE3-4D6C-9A40-2B1B6730EDB8}.Debug|Any CPU.ActiveCfg = Debug|Any CPU
		{1653A6D9-6AE3-4D6C-9A40-2B1B6730EDB8}.Debug|Any CPU.Build.0 = Debug|Any CPU
		{1653A6D9-6AE3-4D6C-9A40-2B1B6730EDB8}.Release|Any CPU.ActiveCfg = Release|Any CPU
		{1653A6D9-6AE3-4D6C-9A40-2B1B6730EDB8}.Release|Any CPU.Build.0 = Release|Any CPU
		{B0F0BD56-7EFF-414B-9D41-F4E7ACA2A8B2}.Debug|Any CPU.ActiveCfg = Debug|Any CPU
		{B0F0BD56-7EFF-414B-9D41-F4E7ACA2A8B2}.Debug|Any CPU.Build.0 = Debug|Any CPU
		{B0F0BD56-7EFF-414B-9D41-F4E7ACA2A8B2}.Release|Any CPU.ActiveCfg = Release|Any CPU
		{B0F0BD56-7EFF-414B-9D41-F4E7ACA2A8B2}.Release|Any CPU.Build.0 = Release|Any CPU
		{6CBE338A-1ABB-4397-BBA8-BC8477B1A21D}.Debug|Any CPU.ActiveCfg = Debug|Any CPU
		{6CBE338A-1ABB-4397-BBA8-BC8477B1A21D}.Debug|Any CPU.Build.0 = Debug|Any CPU
		{6CBE338A-1ABB-4397-BBA8-BC8477B1A21D}.Release|Any CPU.ActiveCfg = Release|Any CPU
		{6CBE338A-1ABB-4397-BBA8-BC8477B1A21D}.Release|Any CPU.Build.0 = Release|Any CPU
		{51AFF9BF-777E-4F50-8406-C4C334F3710F}.Debug|Any CPU.ActiveCfg = Debug|Any CPU
		{51AFF9BF-777E-4F50-8406-C4C334F3710F}.Debug|Any CPU.Build.0 = Debug|Any CPU
		{51AFF9BF-777E-4F50-8406-C4C334F3710F}.Release|Any CPU.ActiveCfg = Release|Any CPU
		{51AFF9BF-777E-4F50-8406-C4C334F3710F}.Release|Any CPU.Build.0 = Release|Any CPU
		{633B7024-D607-496E-9800-84284C801D06}.Debug|Any CPU.ActiveCfg = Debug|Any CPU
		{633B7024-D607-496E-9800-84284C801D06}.Debug|Any CPU.Build.0 = Debug|Any CPU
		{633B7024-D607-496E-9800-84284C801D06}.Release|Any CPU.ActiveCfg = Release|Any CPU
		{633B7024-D607-496E-9800-84284C801D06}.Release|Any CPU.Build.0 = Release|Any CPU
		{A22451FA-03C2-45C7-B2EA-39E9C9792925}.Debug|Any CPU.ActiveCfg = Debug|Any CPU
		{A22451FA-03C2-45C7-B2EA-39E9C9792925}.Debug|Any CPU.Build.0 = Debug|Any CPU
		{A22451FA-03C2-45C7-B2EA-39E9C9792925}.Release|Any CPU.ActiveCfg = Release|Any CPU
		{A22451FA-03C2-45C7-B2EA-39E9C9792925}.Release|Any CPU.Build.0 = Release|Any CPU
		{F0D61C4F-2BBC-4AF2-BC39-A79AD118758D}.Debug|Any CPU.ActiveCfg = Debug|Any CPU
		{F0D61C4F-2BBC-4AF2-BC39-A79AD118758D}.Debug|Any CPU.Build.0 = Debug|Any CPU
		{F0D61C4F-2BBC-4AF2-BC39-A79AD118758D}.Release|Any CPU.ActiveCfg = Release|Any CPU
		{F0D61C4F-2BBC-4AF2-BC39-A79AD118758D}.Release|Any CPU.Build.0 = Release|Any CPU
		{377C6C14-F0D1-4B37-AC89-1D3716369B00}.Debug|Any CPU.ActiveCfg = Debug|Any CPU
		{377C6C14-F0D1-4B37-AC89-1D3716369B00}.Debug|Any CPU.Build.0 = Debug|Any CPU
		{377C6C14-F0D1-4B37-AC89-1D3716369B00}.Release|Any CPU.ActiveCfg = Release|Any CPU
		{377C6C14-F0D1-4B37-AC89-1D3716369B00}.Release|Any CPU.Build.0 = Release|Any CPU
		{B80D9F07-DA4D-437F-90F1-67722B0883FA}.Debug|Any CPU.ActiveCfg = Debug|Any CPU
		{B80D9F07-DA4D-437F-90F1-67722B0883FA}.Debug|Any CPU.Build.0 = Debug|Any CPU
		{B80D9F07-DA4D-437F-90F1-67722B0883FA}.Release|Any CPU.ActiveCfg = Release|Any CPU
		{B80D9F07-DA4D-437F-90F1-67722B0883FA}.Release|Any CPU.Build.0 = Release|Any CPU
		{EE038ED1-7A96-4075-A51C-EA53A4D026DF}.Debug|Any CPU.ActiveCfg = Debug|Any CPU
		{EE038ED1-7A96-4075-A51C-EA53A4D026DF}.Debug|Any CPU.Build.0 = Debug|Any CPU
		{EE038ED1-7A96-4075-A51C-EA53A4D026DF}.Release|Any CPU.ActiveCfg = Release|Any CPU
		{EE038ED1-7A96-4075-A51C-EA53A4D026DF}.Release|Any CPU.Build.0 = Release|Any CPU
		{232C07DB-1D49-46DC-8824-9ACCF2DC4A44}.Debug|Any CPU.ActiveCfg = Debug|Any CPU
		{232C07DB-1D49-46DC-8824-9ACCF2DC4A44}.Debug|Any CPU.Build.0 = Debug|Any CPU
		{232C07DB-1D49-46DC-8824-9ACCF2DC4A44}.Release|Any CPU.ActiveCfg = Release|Any CPU
		{232C07DB-1D49-46DC-8824-9ACCF2DC4A44}.Release|Any CPU.Build.0 = Release|Any CPU
		{13D295AA-B633-4622-8B1A-D5FC2D1523B3}.Debug|Any CPU.ActiveCfg = Debug|Any CPU
		{13D295AA-B633-4622-8B1A-D5FC2D1523B3}.Debug|Any CPU.Build.0 = Debug|Any CPU
		{13D295AA-B633-4622-8B1A-D5FC2D1523B3}.Release|Any CPU.ActiveCfg = Release|Any CPU
		{13D295AA-B633-4622-8B1A-D5FC2D1523B3}.Release|Any CPU.Build.0 = Release|Any CPU
		{5A415076-754D-4525-B9B6-808AF1B3E6FB}.Debug|Any CPU.ActiveCfg = Debug|Any CPU
		{5A415076-754D-4525-B9B6-808AF1B3E6FB}.Debug|Any CPU.Build.0 = Debug|Any CPU
		{5A415076-754D-4525-B9B6-808AF1B3E6FB}.Release|Any CPU.ActiveCfg = Release|Any CPU
		{5A415076-754D-4525-B9B6-808AF1B3E6FB}.Release|Any CPU.Build.0 = Release|Any CPU
		{711B610C-1195-4191-B240-E28A39F27A42}.Debug|Any CPU.ActiveCfg = Debug|Any CPU
		{711B610C-1195-4191-B240-E28A39F27A42}.Debug|Any CPU.Build.0 = Debug|Any CPU
		{711B610C-1195-4191-B240-E28A39F27A42}.Release|Any CPU.ActiveCfg = Release|Any CPU
		{711B610C-1195-4191-B240-E28A39F27A42}.Release|Any CPU.Build.0 = Release|Any CPU
		{543C2372-B194-477B-9B93-B4795ADFD92C}.Debug|Any CPU.ActiveCfg = Debug|Any CPU
		{543C2372-B194-477B-9B93-B4795ADFD92C}.Debug|Any CPU.Build.0 = Debug|Any CPU
		{543C2372-B194-477B-9B93-B4795ADFD92C}.Release|Any CPU.ActiveCfg = Release|Any CPU
		{543C2372-B194-477B-9B93-B4795ADFD92C}.Release|Any CPU.Build.0 = Release|Any CPU
		{233912CB-6628-496B-A996-82A242556D8D}.Debug|Any CPU.ActiveCfg = Debug|Any CPU
		{233912CB-6628-496B-A996-82A242556D8D}.Debug|Any CPU.Build.0 = Debug|Any CPU
		{233912CB-6628-496B-A996-82A242556D8D}.Release|Any CPU.ActiveCfg = Release|Any CPU
		{233912CB-6628-496B-A996-82A242556D8D}.Release|Any CPU.Build.0 = Release|Any CPU
		{7C3A5CFD-D90A-4317-A596-12261EAF2D10}.Debug|Any CPU.ActiveCfg = Debug|Any CPU
		{7C3A5CFD-D90A-4317-A596-12261EAF2D10}.Debug|Any CPU.Build.0 = Debug|Any CPU
		{7C3A5CFD-D90A-4317-A596-12261EAF2D10}.Release|Any CPU.ActiveCfg = Release|Any CPU
		{7C3A5CFD-D90A-4317-A596-12261EAF2D10}.Release|Any CPU.Build.0 = Release|Any CPU
		{330DAC21-8B94-478F-9379-5F419EFDCF6D}.Debug|Any CPU.ActiveCfg = Debug|Any CPU
		{330DAC21-8B94-478F-9379-5F419EFDCF6D}.Debug|Any CPU.Build.0 = Debug|Any CPU
		{330DAC21-8B94-478F-9379-5F419EFDCF6D}.Release|Any CPU.ActiveCfg = Release|Any CPU
		{330DAC21-8B94-478F-9379-5F419EFDCF6D}.Release|Any CPU.Build.0 = Release|Any CPU
		{5B31A97B-763D-421B-8BAA-84A5EBD020A0}.Debug|Any CPU.ActiveCfg = Debug|Any CPU
		{5B31A97B-763D-421B-8BAA-84A5EBD020A0}.Debug|Any CPU.Build.0 = Debug|Any CPU
		{5B31A97B-763D-421B-8BAA-84A5EBD020A0}.Release|Any CPU.ActiveCfg = Release|Any CPU
		{5B31A97B-763D-421B-8BAA-84A5EBD020A0}.Release|Any CPU.Build.0 = Release|Any CPU
		{1A0094C5-5E09-4867-8757-62F308DE62AC}.Debug|Any CPU.ActiveCfg = Debug|Any CPU
		{1A0094C5-5E09-4867-8757-62F308DE62AC}.Debug|Any CPU.Build.0 = Debug|Any CPU
		{1A0094C5-5E09-4867-8757-62F308DE62AC}.Release|Any CPU.ActiveCfg = Release|Any CPU
		{1A0094C5-5E09-4867-8757-62F308DE62AC}.Release|Any CPU.Build.0 = Release|Any CPU
		{BEC297A8-3688-414C-92DE-60B7E3355E4A}.Debug|Any CPU.ActiveCfg = Debug|Any CPU
		{BEC297A8-3688-414C-92DE-60B7E3355E4A}.Debug|Any CPU.Build.0 = Debug|Any CPU
		{BEC297A8-3688-414C-92DE-60B7E3355E4A}.Release|Any CPU.ActiveCfg = Release|Any CPU
		{BEC297A8-3688-414C-92DE-60B7E3355E4A}.Release|Any CPU.Build.0 = Release|Any CPU
		{561E693A-7CAB-4FB2-AEC1-F4AEA753D37F}.Debug|Any CPU.ActiveCfg = Debug|Any CPU
		{561E693A-7CAB-4FB2-AEC1-F4AEA753D37F}.Debug|Any CPU.Build.0 = Debug|Any CPU
		{561E693A-7CAB-4FB2-AEC1-F4AEA753D37F}.Release|Any CPU.ActiveCfg = Release|Any CPU
		{561E693A-7CAB-4FB2-AEC1-F4AEA753D37F}.Release|Any CPU.Build.0 = Release|Any CPU
		{2FB3C37E-6148-4456-A88D-63469D4FFC9A}.Debug|Any CPU.ActiveCfg = Debug|Any CPU
		{2FB3C37E-6148-4456-A88D-63469D4FFC9A}.Debug|Any CPU.Build.0 = Debug|Any CPU
		{2FB3C37E-6148-4456-A88D-63469D4FFC9A}.Release|Any CPU.ActiveCfg = Release|Any CPU
		{2FB3C37E-6148-4456-A88D-63469D4FFC9A}.Release|Any CPU.Build.0 = Release|Any CPU
		{8A97DB83-A47B-4BD8-A22D-7D9CD3A2273B}.Debug|Any CPU.ActiveCfg = Debug|Any CPU
		{8A97DB83-A47B-4BD8-A22D-7D9CD3A2273B}.Debug|Any CPU.Build.0 = Debug|Any CPU
		{8A97DB83-A47B-4BD8-A22D-7D9CD3A2273B}.Release|Any CPU.ActiveCfg = Release|Any CPU
		{8A97DB83-A47B-4BD8-A22D-7D9CD3A2273B}.Release|Any CPU.Build.0 = Release|Any CPU
		{3DC7283F-1D86-4E46-AE5E-6CE18DBECBBF}.Debug|Any CPU.ActiveCfg = Debug|Any CPU
		{3DC7283F-1D86-4E46-AE5E-6CE18DBECBBF}.Debug|Any CPU.Build.0 = Debug|Any CPU
		{3DC7283F-1D86-4E46-AE5E-6CE18DBECBBF}.Release|Any CPU.ActiveCfg = Release|Any CPU
		{3DC7283F-1D86-4E46-AE5E-6CE18DBECBBF}.Release|Any CPU.Build.0 = Release|Any CPU
		{FD65B6B1-69A7-4A94-8B7A-33D3EDD70162}.Debug|Any CPU.ActiveCfg = Debug|Any CPU
		{FD65B6B1-69A7-4A94-8B7A-33D3EDD70162}.Debug|Any CPU.Build.0 = Debug|Any CPU
		{FD65B6B1-69A7-4A94-8B7A-33D3EDD70162}.Release|Any CPU.ActiveCfg = Release|Any CPU
		{FD65B6B1-69A7-4A94-8B7A-33D3EDD70162}.Release|Any CPU.Build.0 = Release|Any CPU
		{7201F770-650A-45E8-93DF-C7FBEE592CE6}.Debug|Any CPU.ActiveCfg = Debug|Any CPU
		{7201F770-650A-45E8-93DF-C7FBEE592CE6}.Debug|Any CPU.Build.0 = Debug|Any CPU
		{7201F770-650A-45E8-93DF-C7FBEE592CE6}.Release|Any CPU.ActiveCfg = Release|Any CPU
		{7201F770-650A-45E8-93DF-C7FBEE592CE6}.Release|Any CPU.Build.0 = Release|Any CPU
		{CA11F95C-D9F8-4BA1-8971-2C0251D689ED}.Debug|Any CPU.ActiveCfg = Debug|Any CPU
		{CA11F95C-D9F8-4BA1-8971-2C0251D689ED}.Debug|Any CPU.Build.0 = Debug|Any CPU
		{CA11F95C-D9F8-4BA1-8971-2C0251D689ED}.Release|Any CPU.ActiveCfg = Release|Any CPU
		{CA11F95C-D9F8-4BA1-8971-2C0251D689ED}.Release|Any CPU.Build.0 = Release|Any CPU
		{1D36CD4F-2598-43E3-B268-BF7A0842416F}.Debug|Any CPU.ActiveCfg = Debug|Any CPU
		{1D36CD4F-2598-43E3-B268-BF7A0842416F}.Debug|Any CPU.Build.0 = Debug|Any CPU
		{1D36CD4F-2598-43E3-B268-BF7A0842416F}.Release|Any CPU.ActiveCfg = Release|Any CPU
		{1D36CD4F-2598-43E3-B268-BF7A0842416F}.Release|Any CPU.Build.0 = Release|Any CPU
		{F950F81A-B501-4126-8F2A-91F2C86538AD}.Debug|Any CPU.ActiveCfg = Debug|Any CPU
		{F950F81A-B501-4126-8F2A-91F2C86538AD}.Debug|Any CPU.Build.0 = Debug|Any CPU
		{F950F81A-B501-4126-8F2A-91F2C86538AD}.Release|Any CPU.ActiveCfg = Release|Any CPU
		{F950F81A-B501-4126-8F2A-91F2C86538AD}.Release|Any CPU.Build.0 = Release|Any CPU
		{34F0697A-1DA6-4B2C-A659-D769F385CCC7}.Debug|Any CPU.ActiveCfg = Debug|Any CPU
		{34F0697A-1DA6-4B2C-A659-D769F385CCC7}.Debug|Any CPU.Build.0 = Debug|Any CPU
		{34F0697A-1DA6-4B2C-A659-D769F385CCC7}.Release|Any CPU.ActiveCfg = Release|Any CPU
		{34F0697A-1DA6-4B2C-A659-D769F385CCC7}.Release|Any CPU.Build.0 = Release|Any CPU
		{DA64843C-DF4E-45FD-940B-23AFF39FC8E3}.Debug|Any CPU.ActiveCfg = Debug|Any CPU
		{DA64843C-DF4E-45FD-940B-23AFF39FC8E3}.Debug|Any CPU.Build.0 = Debug|Any CPU
		{DA64843C-DF4E-45FD-940B-23AFF39FC8E3}.Release|Any CPU.ActiveCfg = Release|Any CPU
		{DA64843C-DF4E-45FD-940B-23AFF39FC8E3}.Release|Any CPU.Build.0 = Release|Any CPU
		{9A902937-1C28-42CD-8B55-0701A2CB1393}.Debug|Any CPU.ActiveCfg = Debug|Any CPU
		{9A902937-1C28-42CD-8B55-0701A2CB1393}.Debug|Any CPU.Build.0 = Debug|Any CPU
		{9A902937-1C28-42CD-8B55-0701A2CB1393}.Release|Any CPU.ActiveCfg = Release|Any CPU
		{9A902937-1C28-42CD-8B55-0701A2CB1393}.Release|Any CPU.Build.0 = Release|Any CPU
		{90B14AED-AA21-4A76-8571-0A27EAA64855}.Debug|Any CPU.ActiveCfg = Debug|Any CPU
		{90B14AED-AA21-4A76-8571-0A27EAA64855}.Debug|Any CPU.Build.0 = Debug|Any CPU
		{90B14AED-AA21-4A76-8571-0A27EAA64855}.Release|Any CPU.ActiveCfg = Release|Any CPU
		{90B14AED-AA21-4A76-8571-0A27EAA64855}.Release|Any CPU.Build.0 = Release|Any CPU
		{BD35BB0F-B77A-4AB9-97E4-ED9C47DEE470}.Debug|Any CPU.ActiveCfg = Debug|Any CPU
		{BD35BB0F-B77A-4AB9-97E4-ED9C47DEE470}.Debug|Any CPU.Build.0 = Debug|Any CPU
		{BD35BB0F-B77A-4AB9-97E4-ED9C47DEE470}.Release|Any CPU.ActiveCfg = Release|Any CPU
		{BD35BB0F-B77A-4AB9-97E4-ED9C47DEE470}.Release|Any CPU.Build.0 = Release|Any CPU
		{CDBD148B-BC3D-47D0-84B9-6EF3D8718718}.Debug|Any CPU.ActiveCfg = Debug|Any CPU
		{CDBD148B-BC3D-47D0-84B9-6EF3D8718718}.Debug|Any CPU.Build.0 = Debug|Any CPU
		{CDBD148B-BC3D-47D0-84B9-6EF3D8718718}.Release|Any CPU.ActiveCfg = Release|Any CPU
		{CDBD148B-BC3D-47D0-84B9-6EF3D8718718}.Release|Any CPU.Build.0 = Release|Any CPU
		{16700D44-FA4D-4277-944C-E1A8962DE346}.Debug|Any CPU.ActiveCfg = Debug|Any CPU
		{16700D44-FA4D-4277-944C-E1A8962DE346}.Debug|Any CPU.Build.0 = Debug|Any CPU
		{16700D44-FA4D-4277-944C-E1A8962DE346}.Release|Any CPU.ActiveCfg = Release|Any CPU
		{16700D44-FA4D-4277-944C-E1A8962DE346}.Release|Any CPU.Build.0 = Release|Any CPU
		{1AEB9A48-A62E-4957-9EE2-163617631EDA}.Debug|Any CPU.ActiveCfg = Debug|Any CPU
		{1AEB9A48-A62E-4957-9EE2-163617631EDA}.Debug|Any CPU.Build.0 = Debug|Any CPU
		{1AEB9A48-A62E-4957-9EE2-163617631EDA}.Release|Any CPU.ActiveCfg = Release|Any CPU
		{1AEB9A48-A62E-4957-9EE2-163617631EDA}.Release|Any CPU.Build.0 = Release|Any CPU
		{C8603800-C34D-4A21-9047-DBB78750CBBA}.Debug|Any CPU.ActiveCfg = Debug|Any CPU
		{C8603800-C34D-4A21-9047-DBB78750CBBA}.Debug|Any CPU.Build.0 = Debug|Any CPU
		{C8603800-C34D-4A21-9047-DBB78750CBBA}.Release|Any CPU.ActiveCfg = Release|Any CPU
		{C8603800-C34D-4A21-9047-DBB78750CBBA}.Release|Any CPU.Build.0 = Release|Any CPU
		{AA737E69-5851-403C-8BA1-A8A68B54E9BD}.Debug|Any CPU.ActiveCfg = Debug|Any CPU
		{AA737E69-5851-403C-8BA1-A8A68B54E9BD}.Debug|Any CPU.Build.0 = Debug|Any CPU
		{AA737E69-5851-403C-8BA1-A8A68B54E9BD}.Release|Any CPU.ActiveCfg = Release|Any CPU
		{AA737E69-5851-403C-8BA1-A8A68B54E9BD}.Release|Any CPU.Build.0 = Release|Any CPU
		{B26EA869-8597-4093-A2A1-073A7C41984E}.Debug|Any CPU.ActiveCfg = Debug|Any CPU
		{B26EA869-8597-4093-A2A1-073A7C41984E}.Debug|Any CPU.Build.0 = Debug|Any CPU
		{B26EA869-8597-4093-A2A1-073A7C41984E}.Release|Any CPU.ActiveCfg = Release|Any CPU
		{B26EA869-8597-4093-A2A1-073A7C41984E}.Release|Any CPU.Build.0 = Release|Any CPU
		{605A3846-EEB0-4CD8-B2CF-AFF9A19E41FB}.Debug|Any CPU.ActiveCfg = Debug|Any CPU
		{605A3846-EEB0-4CD8-B2CF-AFF9A19E41FB}.Debug|Any CPU.Build.0 = Debug|Any CPU
		{605A3846-EEB0-4CD8-B2CF-AFF9A19E41FB}.Release|Any CPU.ActiveCfg = Release|Any CPU
		{605A3846-EEB0-4CD8-B2CF-AFF9A19E41FB}.Release|Any CPU.Build.0 = Release|Any CPU
		{CC883785-57AF-47E9-A607-1E9AF227727B}.Debug|Any CPU.ActiveCfg = Debug|Any CPU
		{CC883785-57AF-47E9-A607-1E9AF227727B}.Debug|Any CPU.Build.0 = Debug|Any CPU
		{CC883785-57AF-47E9-A607-1E9AF227727B}.Release|Any CPU.ActiveCfg = Release|Any CPU
		{CC883785-57AF-47E9-A607-1E9AF227727B}.Release|Any CPU.Build.0 = Release|Any CPU
		{9C6DC1FA-9AB7-4886-8F7B-3ABD1A847DD9}.Debug|Any CPU.ActiveCfg = Debug|Any CPU
		{9C6DC1FA-9AB7-4886-8F7B-3ABD1A847DD9}.Debug|Any CPU.Build.0 = Debug|Any CPU
		{9C6DC1FA-9AB7-4886-8F7B-3ABD1A847DD9}.Release|Any CPU.ActiveCfg = Release|Any CPU
		{9C6DC1FA-9AB7-4886-8F7B-3ABD1A847DD9}.Release|Any CPU.Build.0 = Release|Any CPU
	EndGlobalSection
	GlobalSection(SolutionProperties) = preSolution
		HideSolutionNode = FALSE
	EndGlobalSection
	GlobalSection(NestedProjects) = preSolution
		{E5FE9014-698D-4346-AD1C-50C12A48A53C} = {B984B073-3BBA-4FED-AC6F-56DC95FC5E7B}
		{6BD607E3-1196-43E5-AA71-A6E009A8040B} = {B984B073-3BBA-4FED-AC6F-56DC95FC5E7B}
		{8F2593F4-DDD8-4790-8182-2EDE2A7E21BD} = {E5FE9014-698D-4346-AD1C-50C12A48A53C}
		{1653A6D9-6AE3-4D6C-9A40-2B1B6730EDB8} = {E5FE9014-698D-4346-AD1C-50C12A48A53C}
		{B0F0BD56-7EFF-414B-9D41-F4E7ACA2A8B2} = {B4B3FE07-6B4F-4456-B831-DDAC90D90FDB}
		{AEA23796-C656-4D0D-A977-E54A3140B293} = {B984B073-3BBA-4FED-AC6F-56DC95FC5E7B}
		{0A4CF86E-D728-492C-9347-DE8543AEBCE8} = {B984B073-3BBA-4FED-AC6F-56DC95FC5E7B}
		{06F51F27-1AF1-4100-9D54-3667A68CBFC0} = {B984B073-3BBA-4FED-AC6F-56DC95FC5E7B}
		{8937BC2E-9CDE-4960-91AD-94BD890DAFED} = {B984B073-3BBA-4FED-AC6F-56DC95FC5E7B}
		{6A317491-2505-4B83-BE51-0F28A2CF28C9} = {1A023143-B24C-4FD7-BC55-FA60BD866CD9}
		{478C214A-AF43-4AD8-AF33-69452565C64E} = {1A023143-B24C-4FD7-BC55-FA60BD866CD9}
		{C25F5205-2029-401F-B6AE-F7688612727B} = {1A023143-B24C-4FD7-BC55-FA60BD866CD9}
		{B426578C-CE52-4BD2-8501-ADC25E2982B4} = {1A023143-B24C-4FD7-BC55-FA60BD866CD9}
		{FE936277-A25C-4289-A54E-C1AB0046B499} = {1A023143-B24C-4FD7-BC55-FA60BD866CD9}
		{6CBE338A-1ABB-4397-BBA8-BC8477B1A21D} = {B4B3FE07-6B4F-4456-B831-DDAC90D90FDB}
		{80D8F331-6712-42E4-AB81-23A9D913BB42} = {1A023143-B24C-4FD7-BC55-FA60BD866CD9}
		{02E7DC0C-4B09-4BE4-A901-51AD00D6604D} = {1A023143-B24C-4FD7-BC55-FA60BD866CD9}
		{32B79ED5-6154-484D-A4A5-0D982A1A03D2} = {1A023143-B24C-4FD7-BC55-FA60BD866CD9}
		{51AFF9BF-777E-4F50-8406-C4C334F3710F} = {478C214A-AF43-4AD8-AF33-69452565C64E}
		{633B7024-D607-496E-9800-84284C801D06} = {478C214A-AF43-4AD8-AF33-69452565C64E}
		{A22451FA-03C2-45C7-B2EA-39E9C9792925} = {B4B3FE07-6B4F-4456-B831-DDAC90D90FDB}
		{F0D61C4F-2BBC-4AF2-BC39-A79AD118758D} = {DDCE4D14-9E92-4F5D-A9D6-DF0CDD3F32F8}
		{377C6C14-F0D1-4B37-AC89-1D3716369B00} = {DDCE4D14-9E92-4F5D-A9D6-DF0CDD3F32F8}
		{B80D9F07-DA4D-437F-90F1-67722B0883FA} = {C25F5205-2029-401F-B6AE-F7688612727B}
		{EE038ED1-7A96-4075-A51C-EA53A4D026DF} = {6BD607E3-1196-43E5-AA71-A6E009A8040B}
		{232C07DB-1D49-46DC-8824-9ACCF2DC4A44} = {AEA23796-C656-4D0D-A977-E54A3140B293}
		{AE090EAF-D95F-4655-913B-B5F65F637E33} = {92E0826D-455E-4795-8501-F9721A2C11BE}
		{13D295AA-B633-4622-8B1A-D5FC2D1523B3} = {AE090EAF-D95F-4655-913B-B5F65F637E33}
		{5A415076-754D-4525-B9B6-808AF1B3E6FB} = {DDCE4D14-9E92-4F5D-A9D6-DF0CDD3F32F8}
		{711B610C-1195-4191-B240-E28A39F27A42} = {FE936277-A25C-4289-A54E-C1AB0046B499}
		{543C2372-B194-477B-9B93-B4795ADFD92C} = {32B79ED5-6154-484D-A4A5-0D982A1A03D2}
		{233912CB-6628-496B-A996-82A242556D8D} = {DDCE4D14-9E92-4F5D-A9D6-DF0CDD3F32F8}
		{7C3A5CFD-D90A-4317-A596-12261EAF2D10} = {AEA23796-C656-4D0D-A977-E54A3140B293}
		{330DAC21-8B94-478F-9379-5F419EFDCF6D} = {DDCE4D14-9E92-4F5D-A9D6-DF0CDD3F32F8}
		{5B31A97B-763D-421B-8BAA-84A5EBD020A0} = {6BD607E3-1196-43E5-AA71-A6E009A8040B}
		{1A0094C5-5E09-4867-8757-62F308DE62AC} = {B984B073-3BBA-4FED-AC6F-56DC95FC5E7B}
		{BEC297A8-3688-414C-92DE-60B7E3355E4A} = {8937BC2E-9CDE-4960-91AD-94BD890DAFED}
		{561E693A-7CAB-4FB2-AEC1-F4AEA753D37F} = {92E0826D-455E-4795-8501-F9721A2C11BE}
		{AAEE6219-E375-4C07-A1E0-E1E65E200092} = {B984B073-3BBA-4FED-AC6F-56DC95FC5E7B}
		{2FB3C37E-6148-4456-A88D-63469D4FFC9A} = {AAEE6219-E375-4C07-A1E0-E1E65E200092}
		{8A97DB83-A47B-4BD8-A22D-7D9CD3A2273B} = {80D8F331-6712-42E4-AB81-23A9D913BB42}
		{3DC7283F-1D86-4E46-AE5E-6CE18DBECBBF} = {80D8F331-6712-42E4-AB81-23A9D913BB42}
		{B272DEFF-252F-4547-936E-20E25810F112} = {B984B073-3BBA-4FED-AC6F-56DC95FC5E7B}
		{48E79919-82FE-4139-B43B-757FBB971BD9} = {B984B073-3BBA-4FED-AC6F-56DC95FC5E7B}
		{FD65B6B1-69A7-4A94-8B7A-33D3EDD70162} = {48E79919-82FE-4139-B43B-757FBB971BD9}
		{7201F770-650A-45E8-93DF-C7FBEE592CE6} = {48E79919-82FE-4139-B43B-757FBB971BD9}
		{CA11F95C-D9F8-4BA1-8971-2C0251D689ED} = {B272DEFF-252F-4547-936E-20E25810F112}
		{1D36CD4F-2598-43E3-B268-BF7A0842416F} = {B272DEFF-252F-4547-936E-20E25810F112}
		{F950F81A-B501-4126-8F2A-91F2C86538AD} = {DDCE4D14-9E92-4F5D-A9D6-DF0CDD3F32F8}
		{34F0697A-1DA6-4B2C-A659-D769F385CCC7} = {DDCE4D14-9E92-4F5D-A9D6-DF0CDD3F32F8}
		{D01F80F7-061A-45ED-B9DE-FCF3047FC8B9} = {B984B073-3BBA-4FED-AC6F-56DC95FC5E7B}
		{DA64843C-DF4E-45FD-940B-23AFF39FC8E3} = {D01F80F7-061A-45ED-B9DE-FCF3047FC8B9}
		{FAC3ABD6-F359-4F19-A624-1BAAE3AD2DC4} = {B984B073-3BBA-4FED-AC6F-56DC95FC5E7B}
		{9A902937-1C28-42CD-8B55-0701A2CB1393} = {FAC3ABD6-F359-4F19-A624-1BAAE3AD2DC4}
		{90B14AED-AA21-4A76-8571-0A27EAA64855} = {FAC3ABD6-F359-4F19-A624-1BAAE3AD2DC4}
		{BD35BB0F-B77A-4AB9-97E4-ED9C47DEE470} = {FAC3ABD6-F359-4F19-A624-1BAAE3AD2DC4}
		{CDBD148B-BC3D-47D0-84B9-6EF3D8718718} = {DDCE4D14-9E92-4F5D-A9D6-DF0CDD3F32F8}
		{62CC6226-BC78-4047-81CB-E5CA08A37B1C} = {1A023143-B24C-4FD7-BC55-FA60BD866CD9}
		{16700D44-FA4D-4277-944C-E1A8962DE346} = {62CC6226-BC78-4047-81CB-E5CA08A37B1C}
		{70A00B62-FC70-4C00-9627-581CC9BB20B4} = {1A023143-B24C-4FD7-BC55-FA60BD866CD9}
		{1AEB9A48-A62E-4957-9EE2-163617631EDA} = {70A00B62-FC70-4C00-9627-581CC9BB20B4}
		{C8603800-C34D-4A21-9047-DBB78750CBBA} = {B426578C-CE52-4BD2-8501-ADC25E2982B4}
		{39609780-9129-4781-8882-6EB4857C51CB} = {1A023143-B24C-4FD7-BC55-FA60BD866CD9}
		{AA737E69-5851-403C-8BA1-A8A68B54E9BD} = {39609780-9129-4781-8882-6EB4857C51CB}
		{B26EA869-8597-4093-A2A1-073A7C41984E} = {DDCE4D14-9E92-4F5D-A9D6-DF0CDD3F32F8}
		{EFDD2BBD-45BA-45BC-AFE1-C975FDCED04E} = {B984B073-3BBA-4FED-AC6F-56DC95FC5E7B}
		{605A3846-EEB0-4CD8-B2CF-AFF9A19E41FB} = {EFDD2BBD-45BA-45BC-AFE1-C975FDCED04E}
		{006B824D-1155-4FAE-BE4D-A79CA7EDEA38} = {B984B073-3BBA-4FED-AC6F-56DC95FC5E7B}
		{CC883785-57AF-47E9-A607-1E9AF227727B} = {006B824D-1155-4FAE-BE4D-A79CA7EDEA38}
	EndGlobalSection
	GlobalSection(ExtensibilityGlobals) = postSolution
		SolutionGuid = {84875D5C-A4A6-41C7-904E-67BC0939814E}
	EndGlobalSection
EndGlobal
